
Microsoft Visual Studio Solution File, Format Version 12.00
# Visual Studio Version 17
VisualStudioVersion = 17.9.34607.119
MinimumVisualStudioVersion = 10.0.40219.1
Project("{FAE04EC0-301F-11D3-BF4B-00C04F79EFBC}") = "ST10303347_CLDV6211POE2024", "ST10303347_CLDV6211POE2024.csproj", "{960CF102-FD4D-4B24-BD0D-6CEDBD9FAEC0}"
EndProject
Global
	GlobalSection(SolutionConfigurationPlatforms) = preSolution
		Debug|Any CPU = Debug|Any CPU
		Release|Any CPU = Release|Any CPU
	EndGlobalSection
	GlobalSection(ProjectConfigurationPlatforms) = postSolution
		{960CF102-FD4D-4B24-BD0D-6CEDBD9FAEC0}.Debug|Any CPU.ActiveCfg = Debug|Any CPU
		{960CF102-FD4D-4B24-BD0D-6CEDBD9FAEC0}.Debug|Any CPU.Build.0 = Debug|Any CPU
		{960CF102-FD4D-4B24-BD0D-6CEDBD9FAEC0}.Release|Any CPU.ActiveCfg = Release|Any CPU
		{960CF102-FD4D-4B24-BD0D-6CEDBD9FAEC0}.Release|Any CPU.Build.0 = Release|Any CPU
	EndGlobalSection
	GlobalSection(SolutionProperties) = preSolution
		HideSolutionNode = FALSE
	EndGlobalSection
	GlobalSection(ExtensibilityGlobals) = postSolution
		SolutionGuid = {76EC691A-2CA2-4146-81C4-3B7B455684BC}
	EndGlobalSection
EndGlobal
